{
    "_readme": [
        "This file locks the dependencies of your project to a known state",
        "Read more about it at https://getcomposer.org/doc/01-basic-usage.md#installing-dependencies",
        "This file is @generated automatically"
    ],
    "content-hash": "b817117e2ef588fde0c806845258f15e",
    "packages": [
        {
            "name": "vertilia/valid-array",
            "version": "v1.1.0",
            "source": {
                "type": "git",
                "url": "https://github.com/vertilia/valid-array.git",
                "reference": "38b507cde5e9f5cdd34201c29edef9cf65943b9a"
            },
            "dist": {
                "type": "zip",
                "url": "https://api.github.com/repos/vertilia/valid-array/zipball/38b507cde5e9f5cdd34201c29edef9cf65943b9a",
                "reference": "38b507cde5e9f5cdd34201c29edef9cf65943b9a",
                "shasum": ""
            },
            "require": {
                "php": "^7.1"
            },
            "suggest": {
                "phpunit/phpunit": "To run tests"
            },
            "type": "library",
            "autoload": {
                "exclude-from-classmap": [
                    "/tests/"
                ],
                "psr-4": {
                    "Vertilia\\ValidArray\\": "src/"
                }
            },
            "notification-url": "https://packagist.org/downloads/",
            "license": [
                "BSD"
            ],
            "description": "Object with automatic items validation based on standard filtering mechanism of php",
            "time": "2019-05-05T00:57:34+00:00"
        }
    ],
    "packages-dev": [],
    "aliases": [],
    "minimum-stability": "stable",
    "stability-flags": [],
    "prefer-stable": false,
    "prefer-lowest": false,
    "platform": {
        "php": "^7.1"
    },
    "platform-dev": []
}
